
Microsoft Visual Studio Solution File, Format Version 12.00
# Visual Studio 15
VisualStudioVersion = 15.0.27703.2000
MinimumVisualStudioVersion = 10.0.40219.1
Project("{9A19103F-16F7-4668-BE54-9A1E7A4F7556}") = "OpenNeuralNetworkGen3", "OpenNeuralNetworkGen3\OpenNeuralNetworkGen3.csproj", "{B2B2D714-B804-4490-8E0C-5B4A9F2CB95D}"
EndProject
Project("{9A19103F-16F7-4668-BE54-9A1E7A4F7556}") = "OpenNeuralNetworkGen3Tests", "OpenNeuralNetworkGen3Tests\OpenNeuralNetworkGen3Tests.csproj", "{2895C2B7-417D-4C86-B392-B56D1224649D}"
EndProject
Global
	GlobalSection(SolutionConfigurationPlatforms) = preSolution
		Debug|Any CPU = Debug|Any CPU
		Release|Any CPU = Release|Any CPU
	EndGlobalSection
	GlobalSection(ProjectConfigurationPlatforms) = postSolution
		{B2B2D714-B804-4490-8E0C-5B4A9F2CB95D}.Debug|Any CPU.ActiveCfg = Debug|Any CPU
		{B2B2D714-B804-4490-8E0C-5B4A9F2CB95D}.Debug|Any CPU.Build.0 = Debug|Any CPU
		{B2B2D714-B804-4490-8E0C-5B4A9F2CB95D}.Release|Any CPU.ActiveCfg = Release|Any CPU
		{B2B2D714-B804-4490-8E0C-5B4A9F2CB95D}.Release|Any CPU.Build.0 = Release|Any CPU
		{2895C2B7-417D-4C86-B392-B56D1224649D}.Debug|Any CPU.ActiveCfg = Debug|Any CPU
		{2895C2B7-417D-4C86-B392-B56D1224649D}.Debug|Any CPU.Build.0 = Debug|Any CPU
		{2895C2B7-417D-4C86-B392-B56D1224649D}.Release|Any CPU.ActiveCfg = Release|Any CPU
		{2895C2B7-417D-4C86-B392-B56D1224649D}.Release|Any CPU.Build.0 = Release|Any CPU
	EndGlobalSection
	GlobalSection(SolutionProperties) = preSolution
		HideSolutionNode = FALSE
	EndGlobalSection
	GlobalSection(ExtensibilityGlobals) = postSolution
		SolutionGuid = {EF696250-BA98-4999-BBAA-7AB741037CBD}
	EndGlobalSection
EndGlobal
